
Microsoft Visual Studio Solution File, Format Version 12.00
# Visual Studio Version 17
VisualStudioVersion = 17.11.35327.3
MinimumVisualStudioVersion = 10.0.40219.1
Project("{9A19103F-16F7-4668-BE54-9A1E7A4F7556}") = "DocGen", "Win\DocGen.csproj", "{76A90935-0435-4B0C-A4D0-77BE7C457EB6}"
EndProject
Project("{9A19103F-16F7-4668-BE54-9A1E7A4F7556}") = "DataJuggler.DocGen", "DataJuggler.DocGen\DataJuggler.DocGen.csproj", "{62B34F40-D253-4BAA-9E6C-95926289E968}"
EndProject
Project("{2150E333-8FDC-42A3-9474-1A3956D46DE8}") = "Data", "Data", "{B6119A6B-40BE-48CB-8078-3BAAF3C4A4D8}"
EndProject
Project("{9A19103F-16F7-4668-BE54-9A1E7A4F7556}") = "DataAccessComponent", "Data\DataAccessComponent\DataAccessComponent.csproj", "{666E55AE-D403-4484-8358-02C956F5D0D7}"
EndProject
Project("{9A19103F-16F7-4668-BE54-9A1E7A4F7556}") = "ObjectLibrary", "Data\ObjectLibrary\ObjectLibrary.csproj", "{CDA28F69-8060-4B4D-8295-A94EE2FB4656}"
EndProject
Global
	GlobalSection(SolutionConfigurationPlatforms) = preSolution
		Debug|Any CPU = Debug|Any CPU
		Release|Any CPU = Release|Any CPU
	EndGlobalSection
	GlobalSection(ProjectConfigurationPlatforms) = postSolution
		{76A90935-0435-4B0C-A4D0-77BE7C457EB6}.Debug|Any CPU.ActiveCfg = Debug|Any CPU
		{76A90935-0435-4B0C-A4D0-77BE7C457EB6}.Debug|Any CPU.Build.0 = Debug|Any CPU
		{76A90935-0435-4B0C-A4D0-77BE7C457EB6}.Release|Any CPU.ActiveCfg = Release|Any CPU
		{76A90935-0435-4B0C-A4D0-77BE7C457EB6}.Release|Any CPU.Build.0 = Release|Any CPU
		{62B34F40-D253-4BAA-9E6C-95926289E968}.Debug|Any CPU.ActiveCfg = Debug|Any CPU
		{62B34F40-D253-4BAA-9E6C-95926289E968}.Debug|Any CPU.Build.0 = Debug|Any CPU
		{62B34F40-D253-4BAA-9E6C-95926289E968}.Release|Any CPU.ActiveCfg = Release|Any CPU
		{62B34F40-D253-4BAA-9E6C-95926289E968}.Release|Any CPU.Build.0 = Release|Any CPU
		{666E55AE-D403-4484-8358-02C956F5D0D7}.Debug|Any CPU.ActiveCfg = Debug|Any CPU
		{666E55AE-D403-4484-8358-02C956F5D0D7}.Debug|Any CPU.Build.0 = Debug|Any CPU
		{666E55AE-D403-4484-8358-02C956F5D0D7}.Release|Any CPU.ActiveCfg = Release|Any CPU
		{666E55AE-D403-4484-8358-02C956F5D0D7}.Release|Any CPU.Build.0 = Release|Any CPU
		{CDA28F69-8060-4B4D-8295-A94EE2FB4656}.Debug|Any CPU.ActiveCfg = Debug|Any CPU
		{CDA28F69-8060-4B4D-8295-A94EE2FB4656}.Debug|Any CPU.Build.0 = Debug|Any CPU
		{CDA28F69-8060-4B4D-8295-A94EE2FB4656}.Release|Any CPU.ActiveCfg = Release|Any CPU
		{CDA28F69-8060-4B4D-8295-A94EE2FB4656}.Release|Any CPU.Build.0 = Release|Any CPU
	EndGlobalSection
	GlobalSection(SolutionProperties) = preSolution
		HideSolutionNode = FALSE
	EndGlobalSection
	GlobalSection(NestedProjects) = preSolution
		{666E55AE-D403-4484-8358-02C956F5D0D7} = {B6119A6B-40BE-48CB-8078-3BAAF3C4A4D8}
		{CDA28F69-8060-4B4D-8295-A94EE2FB4656} = {B6119A6B-40BE-48CB-8078-3BAAF3C4A4D8}
	EndGlobalSection
	GlobalSection(ExtensibilityGlobals) = postSolution
		SolutionGuid = {F71B47B7-23ED-4EE6-BE0A-BDB3A85CD20B}
	EndGlobalSection
EndGlobal
